
Microsoft Visual Studio Solution File, Format Version 12.00
# Visual Studio Version 17
VisualStudioVersion = 17.11.35312.102
MinimumVisualStudioVersion = 10.0.40219.1
Project("{2150E333-8FDC-42A3-9474-1A3956D46DE8}") = "Services", "Services", "{8565BA66-74DF-4759-B018-DEBA12F8E66A}"
EndProject
Project("{2150E333-8FDC-42A3-9474-1A3956D46DE8}") = "Catalog", "Catalog", "{14709534-2A0A-4A40-B815-207E7D34CC47}"
EndProject
Project("{2150E333-8FDC-42A3-9474-1A3956D46DE8}") = "Common", "Common", "{391B81B8-ACAA-4618-AE9B-8097BCB53274}"
EndProject
Project("{9A19103F-16F7-4668-BE54-9A1E7A4F7556}") = "EshopMicro.Common", "Common\EshopMicro.Common\EshopMicro.Common.csproj", "{3ACCD4F9-A8E8-4ED5-B7CA-8C69C6CCC0AB}"
EndProject
Project("{E53339B2-1760-4266-BCC7-CA923CBCF16C}") = "docker-compose", "docker-compose.dcproj", "{4CB29C5C-7093-4998-9F89-7A25E8D50B0B}"
EndProject
Project("{2150E333-8FDC-42A3-9474-1A3956D46DE8}") = "Basket", "Basket", "{849B0B6C-CF00-4BE4-88FF-4B578FB44B2F}"
EndProject
Project("{9A19103F-16F7-4668-BE54-9A1E7A4F7556}") = "Basket.API", "Basket\Basket.API\Basket.API.csproj", "{F7D753FE-EC4C-4237-B891-D9569F115B42}"
EndProject
Project("{9A19103F-16F7-4668-BE54-9A1E7A4F7556}") = "CatalogApi", "Catalog\CatalogApi\CatalogApi.csproj", "{D08DA7A8-7C53-469B-9CE6-4FBAC9B3DE3D}"
EndProject
Project("{2150E333-8FDC-42A3-9474-1A3956D46DE8}") = "Discount", "Discount", "{079D8793-DF2C-428B-92BA-C9CFAA0B28D9}"
EndProject
Project("{9A19103F-16F7-4668-BE54-9A1E7A4F7556}") = "Discount.Grpc", "Discount\Discount.Grpc\Discount.Grpc.csproj", "{AFBB1CEC-7A60-42BB-81B3-4986B1DAC8E7}"
EndProject
Project("{2150E333-8FDC-42A3-9474-1A3956D46DE8}") = "Ordering", "Ordering", "{CFE19268-3AAE-4CEC-B2BD-87815E2ACE90}"
EndProject
Project("{9A19103F-16F7-4668-BE54-9A1E7A4F7556}") = "Ordering.API", "Ordering\Ordering.API\Ordering.API.csproj", "{01A7445A-B6BA-4E33-B5F2-AFE823FF4434}"
EndProject
Project("{9A19103F-16F7-4668-BE54-9A1E7A4F7556}") = "Ordering.Domain", "Ordering\Ordering.Domain\Ordering.Domain.csproj", "{C4D008FD-2A49-481B-9743-DF83F54103D1}"
EndProject
Project("{9A19103F-16F7-4668-BE54-9A1E7A4F7556}") = "Ordering.Application", "Ordering\Ordering.Application\Ordering.Application.csproj", "{37B77D49-9693-41AE-8F09-127C82075988}"
EndProject
Project("{9A19103F-16F7-4668-BE54-9A1E7A4F7556}") = "Ordering.Infrastructure", "Ordering\Ordering.Infrastructure\Ordering.Infrastructure.csproj", "{E7A8DB88-D696-4400-8BF8-18D52E405DA2}"
EndProject
Project("{9A19103F-16F7-4668-BE54-9A1E7A4F7556}") = "EshopMicro.Messaging", "Common\EshopMicro.Messaging\EshopMicro.Messaging.csproj", "{9B464193-7F49-4A2B-A338-DF4E6B5CC006}"
EndProject
Project("{2150E333-8FDC-42A3-9474-1A3956D46DE8}") = "ApiGateways", "ApiGateways", "{17F41386-D88F-4620-B754-6932D1EF4493}"
EndProject
Project("{9A19103F-16F7-4668-BE54-9A1E7A4F7556}") = "YarpApiGateway", "ApiGateways\YarpApiGateway\YarpApiGateway.csproj", "{ADF01FE0-BC8F-4CEB-A85F-F1CBEA328D87}"
EndProject
Project("{2150E333-8FDC-42A3-9474-1A3956D46DE8}") = "WebApps", "WebApps", "{730DAB77-68BB-4511-816B-7F27A6908225}"
EndProject
Project("{9A19103F-16F7-4668-BE54-9A1E7A4F7556}") = "Shopping.Web", "WebApps\Shopping.Web\Shopping.Web.csproj", "{85E4AA7B-F72D-443C-AC79-C150E700C11E}"
EndProject
Global
	GlobalSection(SolutionConfigurationPlatforms) = preSolution
		Debug|Any CPU = Debug|Any CPU
		Release|Any CPU = Release|Any CPU
	EndGlobalSection
	GlobalSection(ProjectConfigurationPlatforms) = postSolution
		{3ACCD4F9-A8E8-4ED5-B7CA-8C69C6CCC0AB}.Debug|Any CPU.ActiveCfg = Debug|Any CPU
		{3ACCD4F9-A8E8-4ED5-B7CA-8C69C6CCC0AB}.Debug|Any CPU.Build.0 = Debug|Any CPU
		{3ACCD4F9-A8E8-4ED5-B7CA-8C69C6CCC0AB}.Release|Any CPU.ActiveCfg = Release|Any CPU
		{3ACCD4F9-A8E8-4ED5-B7CA-8C69C6CCC0AB}.Release|Any CPU.Build.0 = Release|Any CPU
		{4CB29C5C-7093-4998-9F89-7A25E8D50B0B}.Debug|Any CPU.ActiveCfg = Debug|Any CPU
		{4CB29C5C-7093-4998-9F89-7A25E8D50B0B}.Debug|Any CPU.Build.0 = Debug|Any CPU
		{4CB29C5C-7093-4998-9F89-7A25E8D50B0B}.Release|Any CPU.ActiveCfg = Release|Any CPU
		{4CB29C5C-7093-4998-9F89-7A25E8D50B0B}.Release|Any CPU.Build.0 = Release|Any CPU
		{F7D753FE-EC4C-4237-B891-D9569F115B42}.Debug|Any CPU.ActiveCfg = Debug|Any CPU
		{F7D753FE-EC4C-4237-B891-D9569F115B42}.Debug|Any CPU.Build.0 = Debug|Any CPU
		{F7D753FE-EC4C-4237-B891-D9569F115B42}.Release|Any CPU.ActiveCfg = Release|Any CPU
		{F7D753FE-EC4C-4237-B891-D9569F115B42}.Release|Any CPU.Build.0 = Release|Any CPU
		{D08DA7A8-7C53-469B-9CE6-4FBAC9B3DE3D}.Debug|Any CPU.ActiveCfg = Debug|Any CPU
		{D08DA7A8-7C53-469B-9CE6-4FBAC9B3DE3D}.Debug|Any CPU.Build.0 = Debug|Any CPU
		{D08DA7A8-7C53-469B-9CE6-4FBAC9B3DE3D}.Release|Any CPU.ActiveCfg = Release|Any CPU
		{D08DA7A8-7C53-469B-9CE6-4FBAC9B3DE3D}.Release|Any CPU.Build.0 = Release|Any CPU
		{AFBB1CEC-7A60-42BB-81B3-4986B1DAC8E7}.Debug|Any CPU.ActiveCfg = Debug|Any CPU
		{AFBB1CEC-7A60-42BB-81B3-4986B1DAC8E7}.Debug|Any CPU.Build.0 = Debug|Any CPU
		{AFBB1CEC-7A60-42BB-81B3-4986B1DAC8E7}.Release|Any CPU.ActiveCfg = Release|Any CPU
		{AFBB1CEC-7A60-42BB-81B3-4986B1DAC8E7}.Release|Any CPU.Build.0 = Release|Any CPU
		{01A7445A-B6BA-4E33-B5F2-AFE823FF4434}.Debug|Any CPU.ActiveCfg = Debug|Any CPU
		{01A7445A-B6BA-4E33-B5F2-AFE823FF4434}.Debug|Any CPU.Build.0 = Debug|Any CPU
		{01A7445A-B6BA-4E33-B5F2-AFE823FF4434}.Release|Any CPU.ActiveCfg = Release|Any CPU
		{01A7445A-B6BA-4E33-B5F2-AFE823FF4434}.Release|Any CPU.Build.0 = Release|Any CPU
		{C4D008FD-2A49-481B-9743-DF83F54103D1}.Debug|Any CPU.ActiveCfg = Debug|Any CPU
		{C4D008FD-2A49-481B-9743-DF83F54103D1}.Debug|Any CPU.Build.0 = Debug|Any CPU
		{C4D008FD-2A49-481B-9743-DF83F54103D1}.Release|Any CPU.ActiveCfg = Release|Any CPU
		{C4D008FD-2A49-481B-9743-DF83F54103D1}.Release|Any CPU.Build.0 = Release|Any CPU
		{37B77D49-9693-41AE-8F09-127C82075988}.Debug|Any CPU.ActiveCfg = Debug|Any CPU
		{37B77D49-9693-41AE-8F09-127C82075988}.Debug|Any CPU.Build.0 = Debug|Any CPU
		{37B77D49-9693-41AE-8F09-127C82075988}.Release|Any CPU.ActiveCfg = Release|Any CPU
		{37B77D49-9693-41AE-8F09-127C82075988}.Release|Any CPU.Build.0 = Release|Any CPU
		{E7A8DB88-D696-4400-8BF8-18D52E405DA2}.Debug|Any CPU.ActiveCfg = Debug|Any CPU
		{E7A8DB88-D696-4400-8BF8-18D52E405DA2}.Debug|Any CPU.Build.0 = Debug|Any CPU
		{E7A8DB88-D696-4400-8BF8-18D52E405DA2}.Release|Any CPU.ActiveCfg = Release|Any CPU
		{E7A8DB88-D696-4400-8BF8-18D52E405DA2}.Release|Any CPU.Build.0 = Release|Any CPU
		{9B464193-7F49-4A2B-A338-DF4E6B5CC006}.Debug|Any CPU.ActiveCfg = Debug|Any CPU
		{9B464193-7F49-4A2B-A338-DF4E6B5CC006}.Debug|Any CPU.Build.0 = Debug|Any CPU
		{9B464193-7F49-4A2B-A338-DF4E6B5CC006}.Release|Any CPU.ActiveCfg = Release|Any CPU
		{9B464193-7F49-4A2B-A338-DF4E6B5CC006}.Release|Any CPU.Build.0 = Release|Any CPU
		{ADF01FE0-BC8F-4CEB-A85F-F1CBEA328D87}.Debug|Any CPU.ActiveCfg = Debug|Any CPU
		{ADF01FE0-BC8F-4CEB-A85F-F1CBEA328D87}.Debug|Any CPU.Build.0 = Debug|Any CPU
		{ADF01FE0-BC8F-4CEB-A85F-F1CBEA328D87}.Release|Any CPU.ActiveCfg = Release|Any CPU
		{ADF01FE0-BC8F-4CEB-A85F-F1CBEA328D87}.Release|Any CPU.Build.0 = Release|Any CPU
		{85E4AA7B-F72D-443C-AC79-C150E700C11E}.Debug|Any CPU.ActiveCfg = Debug|Any CPU
		{85E4AA7B-F72D-443C-AC79-C150E700C11E}.Debug|Any CPU.Build.0 = Debug|Any CPU
		{85E4AA7B-F72D-443C-AC79-C150E700C11E}.Release|Any CPU.ActiveCfg = Release|Any CPU
		{85E4AA7B-F72D-443C-AC79-C150E700C11E}.Release|Any CPU.Build.0 = Release|Any CPU
	EndGlobalSection
	GlobalSection(SolutionProperties) = preSolution
		HideSolutionNode = FALSE
	EndGlobalSection
	GlobalSection(NestedProjects) = preSolution
		{14709534-2A0A-4A40-B815-207E7D34CC47} = {8565BA66-74DF-4759-B018-DEBA12F8E66A}
		{3ACCD4F9-A8E8-4ED5-B7CA-8C69C6CCC0AB} = {391B81B8-ACAA-4618-AE9B-8097BCB53274}
		{849B0B6C-CF00-4BE4-88FF-4B578FB44B2F} = {8565BA66-74DF-4759-B018-DEBA12F8E66A}
		{F7D753FE-EC4C-4237-B891-D9569F115B42} = {849B0B6C-CF00-4BE4-88FF-4B578FB44B2F}
		{D08DA7A8-7C53-469B-9CE6-4FBAC9B3DE3D} = {14709534-2A0A-4A40-B815-207E7D34CC47}
		{079D8793-DF2C-428B-92BA-C9CFAA0B28D9} = {8565BA66-74DF-4759-B018-DEBA12F8E66A}
		{AFBB1CEC-7A60-42BB-81B3-4986B1DAC8E7} = {079D8793-DF2C-428B-92BA-C9CFAA0B28D9}
		{CFE19268-3AAE-4CEC-B2BD-87815E2ACE90} = {8565BA66-74DF-4759-B018-DEBA12F8E66A}
		{01A7445A-B6BA-4E33-B5F2-AFE823FF4434} = {CFE19268-3AAE-4CEC-B2BD-87815E2ACE90}
		{C4D008FD-2A49-481B-9743-DF83F54103D1} = {CFE19268-3AAE-4CEC-B2BD-87815E2ACE90}
		{37B77D49-9693-41AE-8F09-127C82075988} = {CFE19268-3AAE-4CEC-B2BD-87815E2ACE90}
		{E7A8DB88-D696-4400-8BF8-18D52E405DA2} = {CFE19268-3AAE-4CEC-B2BD-87815E2ACE90}
		{9B464193-7F49-4A2B-A338-DF4E6B5CC006} = {391B81B8-ACAA-4618-AE9B-8097BCB53274}
		{ADF01FE0-BC8F-4CEB-A85F-F1CBEA328D87} = {17F41386-D88F-4620-B754-6932D1EF4493}
		{85E4AA7B-F72D-443C-AC79-C150E700C11E} = {730DAB77-68BB-4511-816B-7F27A6908225}
	EndGlobalSection
	GlobalSection(ExtensibilityGlobals) = postSolution
		SolutionGuid = {D59B1D02-650F-4196-BC0A-1C7E3788C5F5}
	EndGlobalSection
EndGlobal
